
Microsoft Visual Studio Solution File, Format Version 12.00
# Visual Studio Version 17
VisualStudioVersion = 17.0.31903.59
MinimumVisualStudioVersion = 10.0.40219.1
Project("{FAE04EC0-301F-11D3-BF4B-00C04F79EFBC}") = "TradeMetrics.Api", "TradeMetrics.Api\TradeMetrics.Api.csproj", "{8CB65CEC-E851-4D4D-87C8-76E2B934FAB8}"
EndProject
Project("{FAE04EC0-301F-11D3-BF4B-00C04F79EFBC}") = "TradeMetrics.Domain", "TradeMetrics.Domain\TradeMetrics.Domain.csproj", "{E55E5E7B-553C-4B38-9610-A625F3AB6B93}"
EndProject
Project("{FAE04EC0-301F-11D3-BF4B-00C04F79EFBC}") = "TradeMetrics.Infrastructure", "TradeMetrics.Infrastructure\TradeMetrics.Infrastructure.csproj", "{AA2A795D-E082-458F-9520-A7D961A5706C}"
EndProject
Project("{FAE04EC0-301F-11D3-BF4B-00C04F79EFBC}") = "TradingAnalytics.Services", "TradingAnalytics.Services\TradingAnalytics.Services.csproj", "{23D3C7A1-E277-4607-A5F5-6DD513A79028}"
EndProject
Global
	GlobalSection(SolutionConfigurationPlatforms) = preSolution
		Debug|Any CPU = Debug|Any CPU
		Release|Any CPU = Release|Any CPU
	EndGlobalSection
	GlobalSection(SolutionProperties) = preSolution
		HideSolutionNode = FALSE
	EndGlobalSection
	GlobalSection(ProjectConfigurationPlatforms) = postSolution
		{8CB65CEC-E851-4D4D-87C8-76E2B934FAB8}.Debug|Any CPU.ActiveCfg = Debug|Any CPU
		{8CB65CEC-E851-4D4D-87C8-76E2B934FAB8}.Debug|Any CPU.Build.0 = Debug|Any CPU
		{8CB65CEC-E851-4D4D-87C8-76E2B934FAB8}.Release|Any CPU.ActiveCfg = Release|Any CPU
		{8CB65CEC-E851-4D4D-87C8-76E2B934FAB8}.Release|Any CPU.Build.0 = Release|Any CPU
		{E55E5E7B-553C-4B38-9610-A625F3AB6B93}.Debug|Any CPU.ActiveCfg = Debug|Any CPU
		{E55E5E7B-553C-4B38-9610-A625F3AB6B93}.Debug|Any CPU.Build.0 = Debug|Any CPU
		{E55E5E7B-553C-4B38-9610-A625F3AB6B93}.Release|Any CPU.ActiveCfg = Release|Any CPU
		{E55E5E7B-553C-4B38-9610-A625F3AB6B93}.Release|Any CPU.Build.0 = Release|Any CPU
		{AA2A795D-E082-458F-9520-A7D961A5706C}.Debug|Any CPU.ActiveCfg = Debug|Any CPU
		{AA2A795D-E082-458F-9520-A7D961A5706C}.Debug|Any CPU.Build.0 = Debug|Any CPU
		{AA2A795D-E082-458F-9520-A7D961A5706C}.Release|Any CPU.ActiveCfg = Release|Any CPU
		{AA2A795D-E082-458F-9520-A7D961A5706C}.Release|Any CPU.Build.0 = Release|Any CPU
		{23D3C7A1-E277-4607-A5F5-6DD513A79028}.Debug|Any CPU.ActiveCfg = Debug|Any CPU
		{23D3C7A1-E277-4607-A5F5-6DD513A79028}.Debug|Any CPU.Build.0 = Debug|Any CPU
		{23D3C7A1-E277-4607-A5F5-6DD513A79028}.Release|Any CPU.ActiveCfg = Release|Any CPU
		{23D3C7A1-E277-4607-A5F5-6DD513A79028}.Release|Any CPU.Build.0 = Release|Any CPU
	EndGlobalSection
EndGlobal
